lockfileVersion: '9.0'

settings:
  autoInstallPeers: true
  excludeLinksFromLockfile: false

importers:

  .:
    dependencies:
      react-top-loading-bar:
        specifier: ^3.0.2
        version: 3.0.2(react@19.2.0)

packages:

  react-top-loading-bar@3.0.2:
    resolution: {integrity: sha512-hW0CHrHqKdBOBsVhms73ka0rgb9/aoiRfqo7jiS1vwIYDK7VkyMj52ypo5ewhshTQGHKE6mRvR99GZBZ+FuM/Q==}
    engines: {node: '>=14'}
    peerDependencies:
      react: ^16 || ^17 || ^18 || ^19

  react@19.2.0:
    resolution: {integrity: sha512-tmbWg6W31tQLeB5cdIBOicJDJRR2KzXsV7uSK9iNfLWQ5bIZfxuPEHp7M8wiHyHnn0DD1i7w3Zmin0FtkrwoCQ==}
    engines: {node: '>=0.10.0'}

snapshots:

  react-top-loading-bar@3.0.2(react@19.2.0):
    dependencies:
      react: 19.2.0

  react@19.2.0: {}
